
Microsoft Visual Studio Solution File, Format Version 12.00
# Visual Studio 2013
VisualStudioVersion = 12.0.40629.0
MinimumVisualStudioVersion = 10.0.40219.1
Project("{8BC9CEB8-8B4A-11D0-8D11-00A0C91BC942}") = "Particle", "Particle\Particle.vcxproj", "{54366C92-393A-472C-A2BC-98395D0E38D6}"
	ProjectSection(ProjectDependencies) = postProject
		{405C792D-1FF0-4917-8BC7-A98C4A98789F} = {405C792D-1FF0-4917-8BC7-A98C4A98789F}
	EndProjectSection
EndProject
Project("{8BC9CEB8-8B4A-11D0-8D11-00A0C91BC942}") = "Tools", "Tools\Tools.vcxproj", "{405C792D-1FF0-4917-8BC7-A98C4A98789F}"
EndProject
Project("{8BC9CEB8-8B4A-11D0-8D11-00A0C91BC942}") = "Swarm", "Swarm\Swarm.vcxproj", "{4C4B5CA1-13FE-4184-9864-503FC1942784}"
	ProjectSection(ProjectDependencies) = postProject
		{405C792D-1FF0-4917-8BC7-A98C4A98789F} = {405C792D-1FF0-4917-8BC7-A98C4A98789F}
	EndProjectSection
EndProject
Project("{8BC9CEB8-8B4A-11D0-8D11-00A0C91BC942}") = "PSO", "PSO\PSO.vcxproj", "{066E63C3-B677-4B28-AC84-E5118C6571C5}"
	ProjectSection(ProjectDependencies) = postProject
		{54366C92-393A-472C-A2BC-98395D0E38D6} = {54366C92-393A-472C-A2BC-98395D0E38D6}
		{4C4B5CA1-13FE-4184-9864-503FC1942784} = {4C4B5CA1-13FE-4184-9864-503FC1942784}
	EndProjectSection
EndProject
Project("{8BC9CEB8-8B4A-11D0-8D11-00A0C91BC942}") = "testDLLs", "testDLLs\testDLLs.vcxproj", "{58E6D3C4-22AC-469A-A5B2-5FA9E726A926}"
EndProject
Global
	GlobalSection(SolutionConfigurationPlatforms) = preSolution
		Debug|Win32 = Debug|Win32
		Release|Win32 = Release|Win32
	EndGlobalSection
	GlobalSection(ProjectConfigurationPlatforms) = postSolution
		{54366C92-393A-472C-A2BC-98395D0E38D6}.Debug|Win32.ActiveCfg = Debug|Win32
		{54366C92-393A-472C-A2BC-98395D0E38D6}.Debug|Win32.Build.0 = Debug|Win32
		{54366C92-393A-472C-A2BC-98395D0E38D6}.Release|Win32.ActiveCfg = Release|Win32
		{54366C92-393A-472C-A2BC-98395D0E38D6}.Release|Win32.Build.0 = Release|Win32
		{405C792D-1FF0-4917-8BC7-A98C4A98789F}.Debug|Win32.ActiveCfg = Debug|Win32
		{405C792D-1FF0-4917-8BC7-A98C4A98789F}.Debug|Win32.Build.0 = Debug|Win32
		{405C792D-1FF0-4917-8BC7-A98C4A98789F}.Release|Win32.ActiveCfg = Release|Win32
		{405C792D-1FF0-4917-8BC7-A98C4A98789F}.Release|Win32.Build.0 = Release|Win32
		{4C4B5CA1-13FE-4184-9864-503FC1942784}.Debug|Win32.ActiveCfg = Debug|Win32
		{4C4B5CA1-13FE-4184-9864-503FC1942784}.Debug|Win32.Build.0 = Debug|Win32
		{4C4B5CA1-13FE-4184-9864-503FC1942784}.Release|Win32.ActiveCfg = Release|Win32
		{4C4B5CA1-13FE-4184-9864-503FC1942784}.Release|Win32.Build.0 = Release|Win32
		{066E63C3-B677-4B28-AC84-E5118C6571C5}.Debug|Win32.ActiveCfg = Debug|Win32
		{066E63C3-B677-4B28-AC84-E5118C6571C5}.Debug|Win32.Build.0 = Debug|Win32
		{066E63C3-B677-4B28-AC84-E5118C6571C5}.Release|Win32.ActiveCfg = Release|Win32
		{066E63C3-B677-4B28-AC84-E5118C6571C5}.Release|Win32.Build.0 = Release|Win32
		{58E6D3C4-22AC-469A-A5B2-5FA9E726A926}.Debug|Win32.ActiveCfg = Debug|Win32
		{58E6D3C4-22AC-469A-A5B2-5FA9E726A926}.Debug|Win32.Build.0 = Debug|Win32
		{58E6D3C4-22AC-469A-A5B2-5FA9E726A926}.Release|Win32.ActiveCfg = Release|Win32
		{58E6D3C4-22AC-469A-A5B2-5FA9E726A926}.Release|Win32.Build.0 = Release|Win32
	EndGlobalSection
	GlobalSection(SolutionProperties) = preSolution
		HideSolutionNode = FALSE
	EndGlobalSection
EndGlobal
